
Microsoft Visual Studio Solution File, Format Version 12.00
# Visual Studio Version 16
VisualStudioVersion = 16.0.31402.337
MinimumVisualStudioVersion = 10.0.40219.1
Project("{9A19103F-16F7-4668-BE54-9A1E7A4F7556}") = "ReaderEventAPI", "ReaderEventAPI\ReaderEventAPI.csproj", "{1B29D0E8-23D2-41A9-B90F-24A988E061C0}"
EndProject
Project("{9A19103F-16F7-4668-BE54-9A1E7A4F7556}") = "TimeEntryFactory", "TimeEntryFactory\TimeEntryFactory.csproj", "{0C30234F-9B2B-4D9C-A78D-A306A682AEDE}"
EndProject
Project("{9A19103F-16F7-4668-BE54-9A1E7A4F7556}") = "MetricsCollection", "MetricsCollection\MetricsCollection.csproj", "{267F8E49-4FCC-4809-BF95-A4ED139E9A71}"
EndProject
Project("{9A19103F-16F7-4668-BE54-9A1E7A4F7556}") = "TimeEntrySimulator", "TimeEntrySimulator\TimeEntrySimulator.csproj", "{43BCEEA0-0B12-44E8-8951-F45FAB586911}"
EndProject
Project("{9A19103F-16F7-4668-BE54-9A1E7A4F7556}") = "TimeEntryProcessor", "TimeEntryProcessor\TimeEntryProcessor.csproj", "{2E971FAC-3482-4BED-B0E2-3C08A0DD4DEE}"
EndProject
Project("{9A19103F-16F7-4668-BE54-9A1E7A4F7556}") = "UmsteadTiming.DomainModel", "UmsteadTiming.DomainModel\UmsteadTiming.DomainModel.csproj", "{5E7246B9-CADE-4381-B744-7CC3FC070767}"
EndProject
Project("{9A19103F-16F7-4668-BE54-9A1E7A4F7556}") = "NotificationProcessor", "NotificationProcessor\NotificationProcessor.csproj", "{39BEF651-DFEC-49DF-9AEC-DE9A31B757EE}"
EndProject
Project("{9A19103F-16F7-4668-BE54-9A1E7A4F7556}") = "ResultsAPI", "ResultsAPI\ResultsAPI.csproj", "{B3EC8442-6A7A-47DD-806E-EC4B98D63579}"
EndProject
Project("{2150E333-8FDC-42A3-9474-1A3956D46DE8}") = "Test Projects", "Test Projects", "{CE6DAEB9-1B95-4646-9A7D-B5C151CCBBE7}"
EndProject
Project("{9A19103F-16F7-4668-BE54-9A1E7A4F7556}") = "TimeEntryProcessor.Tests", "TimeEntryProcessor.Tests\TimeEntryProcessor.Tests.csproj", "{B812D6AC-FDDA-4ADE-96CE-87C2E64E5D10}"
EndProject
Global
	GlobalSection(SolutionConfigurationPlatforms) = preSolution
		Debug|Any CPU = Debug|Any CPU
		Release|Any CPU = Release|Any CPU
	EndGlobalSection
	GlobalSection(ProjectConfigurationPlatforms) = postSolution
		{1B29D0E8-23D2-41A9-B90F-24A988E061C0}.Debug|Any CPU.ActiveCfg = Debug|Any CPU
		{1B29D0E8-23D2-41A9-B90F-24A988E061C0}.Debug|Any CPU.Build.0 = Debug|Any CPU
		{1B29D0E8-23D2-41A9-B90F-24A988E061C0}.Release|Any CPU.ActiveCfg = Release|Any CPU
		{1B29D0E8-23D2-41A9-B90F-24A988E061C0}.Release|Any CPU.Build.0 = Release|Any CPU
		{0C30234F-9B2B-4D9C-A78D-A306A682AEDE}.Debug|Any CPU.ActiveCfg = Debug|Any CPU
		{0C30234F-9B2B-4D9C-A78D-A306A682AEDE}.Debug|Any CPU.Build.0 = Debug|Any CPU
		{0C30234F-9B2B-4D9C-A78D-A306A682AEDE}.Release|Any CPU.ActiveCfg = Release|Any CPU
		{0C30234F-9B2B-4D9C-A78D-A306A682AEDE}.Release|Any CPU.Build.0 = Release|Any CPU
		{267F8E49-4FCC-4809-BF95-A4ED139E9A71}.Debug|Any CPU.ActiveCfg = Debug|Any CPU
		{267F8E49-4FCC-4809-BF95-A4ED139E9A71}.Debug|Any CPU.Build.0 = Debug|Any CPU
		{267F8E49-4FCC-4809-BF95-A4ED139E9A71}.Release|Any CPU.ActiveCfg = Release|Any CPU
		{267F8E49-4FCC-4809-BF95-A4ED139E9A71}.Release|Any CPU.Build.0 = Release|Any CPU
		{43BCEEA0-0B12-44E8-8951-F45FAB586911}.Debug|Any CPU.ActiveCfg = Debug|Any CPU
		{43BCEEA0-0B12-44E8-8951-F45FAB586911}.Debug|Any CPU.Build.0 = Debug|Any CPU
		{43BCEEA0-0B12-44E8-8951-F45FAB586911}.Release|Any CPU.ActiveCfg = Release|Any CPU
		{43BCEEA0-0B12-44E8-8951-F45FAB586911}.Release|Any CPU.Build.0 = Release|Any CPU
		{2E971FAC-3482-4BED-B0E2-3C08A0DD4DEE}.Debug|Any CPU.ActiveCfg = Debug|Any CPU
		{2E971FAC-3482-4BED-B0E2-3C08A0DD4DEE}.Debug|Any CPU.Build.0 = Debug|Any CPU
		{2E971FAC-3482-4BED-B0E2-3C08A0DD4DEE}.Release|Any CPU.ActiveCfg = Release|Any CPU
		{2E971FAC-3482-4BED-B0E2-3C08A0DD4DEE}.Release|Any CPU.Build.0 = Release|Any CPU
		{5E7246B9-CADE-4381-B744-7CC3FC070767}.Debug|Any CPU.ActiveCfg = Debug|Any CPU
		{5E7246B9-CADE-4381-B744-7CC3FC070767}.Debug|Any CPU.Build.0 = Debug|Any CPU
		{5E7246B9-CADE-4381-B744-7CC3FC070767}.Release|Any CPU.ActiveCfg = Release|Any CPU
		{5E7246B9-CADE-4381-B744-7CC3FC070767}.Release|Any CPU.Build.0 = Release|Any CPU
		{39BEF651-DFEC-49DF-9AEC-DE9A31B757EE}.Debug|Any CPU.ActiveCfg = Debug|Any CPU
		{39BEF651-DFEC-49DF-9AEC-DE9A31B757EE}.Debug|Any CPU.Build.0 = Debug|Any CPU
		{39BEF651-DFEC-49DF-9AEC-DE9A31B757EE}.Release|Any CPU.ActiveCfg = Release|Any CPU
		{39BEF651-DFEC-49DF-9AEC-DE9A31B757EE}.Release|Any CPU.Build.0 = Release|Any CPU
		{B3EC8442-6A7A-47DD-806E-EC4B98D63579}.Debug|Any CPU.ActiveCfg = Debug|Any CPU
		{B3EC8442-6A7A-47DD-806E-EC4B98D63579}.Debug|Any CPU.Build.0 = Debug|Any CPU
		{B3EC8442-6A7A-47DD-806E-EC4B98D63579}.Release|Any CPU.ActiveCfg = Release|Any CPU
		{B3EC8442-6A7A-47DD-806E-EC4B98D63579}.Release|Any CPU.Build.0 = Release|Any CPU
		{B812D6AC-FDDA-4ADE-96CE-87C2E64E5D10}.Debug|Any CPU.ActiveCfg = Debug|Any CPU
		{B812D6AC-FDDA-4ADE-96CE-87C2E64E5D10}.Debug|Any CPU.Build.0 = Debug|Any CPU
		{B812D6AC-FDDA-4ADE-96CE-87C2E64E5D10}.Release|Any CPU.ActiveCfg = Release|Any CPU
		{B812D6AC-FDDA-4ADE-96CE-87C2E64E5D10}.Release|Any CPU.Build.0 = Release|Any CPU
	EndGlobalSection
	GlobalSection(SolutionProperties) = preSolution
		HideSolutionNode = FALSE
	EndGlobalSection
	GlobalSection(NestedProjects) = preSolution
		{B812D6AC-FDDA-4ADE-96CE-87C2E64E5D10} = {CE6DAEB9-1B95-4646-9A7D-B5C151CCBBE7}
	EndGlobalSection
	GlobalSection(ExtensibilityGlobals) = postSolution
		SolutionGuid = {C700C86A-4C8F-4D44-B765-DCDDFC0897B9}
	EndGlobalSection
EndGlobal
