
Microsoft Visual Studio Solution File, Format Version 12.00
# Visual Studio Version 16
VisualStudioVersion = 16.0.31402.337
MinimumVisualStudioVersion = 10.0.40219.1
Project("{9A19103F-16F7-4668-BE54-9A1E7A4F7556}") = "ReaderEventAPI", "ReaderEventAPI\ReaderEventAPI.csproj", "{1B29D0E8-23D2-41A9-B90F-24A988E061C0}"
EndProject
Project("{9A19103F-16F7-4668-BE54-9A1E7A4F7556}") = "TimeEntryFactory", "TimeEntryFactory\TimeEntryFactory.csproj", "{0C30234F-9B2B-4D9C-A78D-A306A682AEDE}"
EndProject
Project("{9A19103F-16F7-4668-BE54-9A1E7A4F7556}") = "MetricsCollection", "MetricsCollection\MetricsCollection.csproj", "{267F8E49-4FCC-4809-BF95-A4ED139E9A71}"
EndProject
Project("{9A19103F-16F7-4668-BE54-9A1E7A4F7556}") = "TimeEntrySimulator", "TimeEntrySimulator\TimeEntrySimulator.csproj", "{43BCEEA0-0B12-44E8-8951-F45FAB586911}"
EndProject
Project("{9A19103F-16F7-4668-BE54-9A1E7A4F7556}") = "TimeEntryProcessor", "TimeEntryProcessor\TimeEntryProcessor.csproj", "{2E971FAC-3482-4BED-B0E2-3C08A0DD4DEE}"
EndProject
Project("{FAE04EC0-301F-11D3-BF4B-00C04F79EFBC}") = "UmsteadTiming.DomainModel", "UmsteadTiming.DomainModel\UmsteadTiming.DomainModel.csproj", "{5E7246B9-CADE-4381-B744-7CC3FC070767}"
EndProject
Global
	GlobalSection(SolutionConfigurationPlatforms) = preSolution
		Debug|Any CPU = Debug|Any CPU
		Release|Any CPU = Release|Any CPU
	EndGlobalSection
	GlobalSection(ProjectConfigurationPlatforms) = postSolution
		{1B29D0E8-23D2-41A9-B90F-24A988E061C0}.Debug|Any CPU.ActiveCfg = Debug|Any CPU
		{1B29D0E8-23D2-41A9-B90F-24A988E061C0}.Debug|Any CPU.Build.0 = Debug|Any CPU
		{1B29D0E8-23D2-41A9-B90F-24A988E061C0}.Release|Any CPU.ActiveCfg = Release|Any CPU
		{1B29D0E8-23D2-41A9-B90F-24A988E061C0}.Release|Any CPU.Build.0 = Release|Any CPU
		{0C30234F-9B2B-4D9C-A78D-A306A682AEDE}.Debug|Any CPU.ActiveCfg = Debug|Any CPU
		{0C30234F-9B2B-4D9C-A78D-A306A682AEDE}.Debug|Any CPU.Build.0 = Debug|Any CPU
		{0C30234F-9B2B-4D9C-A78D-A306A682AEDE}.Release|Any CPU.ActiveCfg = Release|Any CPU
		{0C30234F-9B2B-4D9C-A78D-A306A682AEDE}.Release|Any CPU.Build.0 = Release|Any CPU
		{267F8E49-4FCC-4809-BF95-A4ED139E9A71}.Debug|Any CPU.ActiveCfg = Debug|Any CPU
		{267F8E49-4FCC-4809-BF95-A4ED139E9A71}.Debug|Any CPU.Build.0 = Debug|Any CPU
		{267F8E49-4FCC-4809-BF95-A4ED139E9A71}.Release|Any CPU.ActiveCfg = Release|Any CPU
		{267F8E49-4FCC-4809-BF95-A4ED139E9A71}.Release|Any CPU.Build.0 = Release|Any CPU
		{43BCEEA0-0B12-44E8-8951-F45FAB586911}.Debug|Any CPU.ActiveCfg = Debug|Any CPU
		{43BCEEA0-0B12-44E8-8951-F45FAB586911}.Debug|Any CPU.Build.0 = Debug|Any CPU
		{43BCEEA0-0B12-44E8-8951-F45FAB586911}.Release|Any CPU.ActiveCfg = Release|Any CPU
		{43BCEEA0-0B12-44E8-8951-F45FAB586911}.Release|Any CPU.Build.0 = Release|Any CPU
		{2E971FAC-3482-4BED-B0E2-3C08A0DD4DEE}.Debug|Any CPU.ActiveCfg = Debug|Any CPU
		{2E971FAC-3482-4BED-B0E2-3C08A0DD4DEE}.Debug|Any CPU.Build.0 = Debug|Any CPU
		{2E971FAC-3482-4BED-B0E2-3C08A0DD4DEE}.Release|Any CPU.ActiveCfg = Release|Any CPU
		{2E971FAC-3482-4BED-B0E2-3C08A0DD4DEE}.Release|Any CPU.Build.0 = Release|Any CPU
		{5E7246B9-CADE-4381-B744-7CC3FC070767}.Debug|Any CPU.ActiveCfg = Debug|Any CPU
		{5E7246B9-CADE-4381-B744-7CC3FC070767}.Debug|Any CPU.Build.0 = Debug|Any CPU
		{5E7246B9-CADE-4381-B744-7CC3FC070767}.Release|Any CPU.ActiveCfg = Release|Any CPU
		{5E7246B9-CADE-4381-B744-7CC3FC070767}.Release|Any CPU.Build.0 = Release|Any CPU
	EndGlobalSection
	GlobalSection(SolutionProperties) = preSolution
		HideSolutionNode = FALSE
	EndGlobalSection
	GlobalSection(ExtensibilityGlobals) = postSolution
		SolutionGuid = {C700C86A-4C8F-4D44-B765-DCDDFC0897B9}
	EndGlobalSection
EndGlobal
